
Microsoft Visual Studio Solution File, Format Version 12.00
# Visual Studio 15
VisualStudioVersion = 15.0.28307.1022
MinimumVisualStudioVersion = 10.0.40219.1
Project("{FAE04EC0-301F-11D3-BF4B-00C04F79EFBC}") = "Ant", "Ant.csproj", "{22977862-58FD-42F7-A226-AFFA2FD6C81B}"
EndProject
Global
	GlobalSection(SolutionConfigurationPlatforms) = preSolution
		Debug|Any CPU = Debug|Any CPU
		Release|Any CPU = Release|Any CPU
	EndGlobalSection
	GlobalSection(ProjectConfigurationPlatforms) = postSolution
		{22977862-58FD-42F7-A226-AFFA2FD6C81B}.Debug|Any CPU.ActiveCfg = Debug|Any CPU
		{22977862-58FD-42F7-A226-AFFA2FD6C81B}.Debug|Any CPU.Build.0 = Debug|Any CPU
		{22977862-58FD-42F7-A226-AFFA2FD6C81B}.Release|Any CPU.ActiveCfg = Release|Any CPU
		{22977862-58FD-42F7-A226-AFFA2FD6C81B}.Release|Any CPU.Build.0 = Release|Any CPU
	EndGlobalSection
	GlobalSection(SolutionProperties) = preSolution
		HideSolutionNode = FALSE
	EndGlobalSection
	GlobalSection(ExtensibilityGlobals) = postSolution
		SolutionGuid = {3B645516-80AC-4E8B-86E7-4CB32F5E60AF}
	EndGlobalSection
EndGlobal
